
Microsoft Visual Studio Solution File, Format Version 12.00
# Visual Studio Version 17
VisualStudioVersion = 17.0.31903.59
MinimumVisualStudioVersion = 10.0.40219.1
Project("{2150E333-8FDC-42A3-9474-1A3956D46DE8}") = "src", "src", "{827E0CD3-B72D-47B6-A68D-7590B98EB39B}"
EndProject
Project("{FAE04EC0-301F-11D3-BF4B-00C04F79EFBC}") = "StreamPipe.Abstractions", "src\StreamPipe.Abstractions\StreamPipe.Abstractions.csproj", "{A1372565-15B4-4E9B-B01E-55E84AABA342}"
EndProject
Project("{FAE04EC0-301F-11D3-BF4B-00C04F79EFBC}") = "StreamPipe.Core", "src\StreamPipe.Core\StreamPipe.Core.csproj", "{8F878E57-7909-482B-8777-C0E3A969C979}"
EndProject
Project("{2150E333-8FDC-42A3-9474-1A3956D46DE8}") = "tests", "tests", "{0AB3BF05-4346-4AA6-1389-037BE0695223}"
EndProject
Project("{FAE04EC0-301F-11D3-BF4B-00C04F79EFBC}") = "StreamPipe.Abstractions.Tests", "tests\StreamPipe.Abstractions.Tests\StreamPipe.Abstractions.Tests.csproj", "{FB85B540-D314-4CF5-AF26-70622432B5F5}"
EndProject
Project("{FAE04EC0-301F-11D3-BF4B-00C04F79EFBC}") = "StreamPipe.Core.Tests", "tests\StreamPipe.Core.Tests\StreamPipe.Core.Tests.csproj", "{0B3BE550-50BD-4D0F-BD13-70EEDF4B1A54}"
EndProject
Global
	GlobalSection(SolutionConfigurationPlatforms) = preSolution
		Debug|Any CPU = Debug|Any CPU
		Debug|x64 = Debug|x64
		Debug|x86 = Debug|x86
		Release|Any CPU = Release|Any CPU
		Release|x64 = Release|x64
		Release|x86 = Release|x86
	EndGlobalSection
	GlobalSection(ProjectConfigurationPlatforms) = postSolution
		{A1372565-15B4-4E9B-B01E-55E84AABA342}.Debug|Any CPU.ActiveCfg = Debug|Any CPU
		{A1372565-15B4-4E9B-B01E-55E84AABA342}.Debug|Any CPU.Build.0 = Debug|Any CPU
		{A1372565-15B4-4E9B-B01E-55E84AABA342}.Debug|x64.ActiveCfg = Debug|Any CPU
		{A1372565-15B4-4E9B-B01E-55E84AABA342}.Debug|x64.Build.0 = Debug|Any CPU
		{A1372565-15B4-4E9B-B01E-55E84AABA342}.Debug|x86.ActiveCfg = Debug|Any CPU
		{A1372565-15B4-4E9B-B01E-55E84AABA342}.Debug|x86.Build.0 = Debug|Any CPU
		{A1372565-15B4-4E9B-B01E-55E84AABA342}.Release|Any CPU.ActiveCfg = Release|Any CPU
		{A1372565-15B4-4E9B-B01E-55E84AABA342}.Release|Any CPU.Build.0 = Release|Any CPU
		{A1372565-15B4-4E9B-B01E-55E84AABA342}.Release|x64.ActiveCfg = Release|Any CPU
		{A1372565-15B4-4E9B-B01E-55E84AABA342}.Release|x64.Build.0 = Release|Any CPU
		{A1372565-15B4-4E9B-B01E-55E84AABA342}.Release|x86.ActiveCfg = Release|Any CPU
		{A1372565-15B4-4E9B-B01E-55E84AABA342}.Release|x86.Build.0 = Release|Any CPU
		{8F878E57-7909-482B-8777-C0E3A969C979}.Debug|Any CPU.ActiveCfg = Debug|Any CPU
		{8F878E57-7909-482B-8777-C0E3A969C979}.Debug|Any CPU.Build.0 = Debug|Any CPU
		{8F878E57-7909-482B-8777-C0E3A969C979}.Debug|x64.ActiveCfg = Debug|Any CPU
		{8F878E57-7909-482B-8777-C0E3A969C979}.Debug|x64.Build.0 = Debug|Any CPU
		{8F878E57-7909-482B-8777-C0E3A969C979}.Debug|x86.ActiveCfg = Debug|Any CPU
		{8F878E57-7909-482B-8777-C0E3A969C979}.Debug|x86.Build.0 = Debug|Any CPU
		{8F878E57-7909-482B-8777-C0E3A969C979}.Release|Any CPU.ActiveCfg = Release|Any CPU
		{8F878E57-7909-482B-8777-C0E3A969C979}.Release|Any CPU.Build.0 = Release|Any CPU
		{8F878E57-7909-482B-8777-C0E3A969C979}.Release|x64.ActiveCfg = Release|Any CPU
		{8F878E57-7909-482B-8777-C0E3A969C979}.Release|x64.Build.0 = Release|Any CPU
		{8F878E57-7909-482B-8777-C0E3A969C979}.Release|x86.ActiveCfg = Release|Any CPU
		{8F878E57-7909-482B-8777-C0E3A969C979}.Release|x86.Build.0 = Release|Any CPU
		{FB85B540-D314-4CF5-AF26-70622432B5F5}.Debug|Any CPU.ActiveCfg = Debug|Any CPU
		{FB85B540-D314-4CF5-AF26-70622432B5F5}.Debug|Any CPU.Build.0 = Debug|Any CPU
		{FB85B540-D314-4CF5-AF26-70622432B5F5}.Debug|x64.ActiveCfg = Debug|Any CPU
		{FB85B540-D314-4CF5-AF26-70622432B5F5}.Debug|x64.Build.0 = Debug|Any CPU
		{FB85B540-D314-4CF5-AF26-70622432B5F5}.Debug|x86.ActiveCfg = Debug|Any CPU
		{FB85B540-D314-4CF5-AF26-70622432B5F5}.Debug|x86.Build.0 = Debug|Any CPU
		{FB85B540-D314-4CF5-AF26-70622432B5F5}.Release|Any CPU.ActiveCfg = Release|Any CPU
		{FB85B540-D314-4CF5-AF26-70622432B5F5}.Release|Any CPU.Build.0 = Release|Any CPU
		{FB85B540-D314-4CF5-AF26-70622432B5F5}.Release|x64.ActiveCfg = Release|Any CPU
		{FB85B540-D314-4CF5-AF26-70622432B5F5}.Release|x64.Build.0 = Release|Any CPU
		{FB85B540-D314-4CF5-AF26-70622432B5F5}.Release|x86.ActiveCfg = Release|Any CPU
		{FB85B540-D314-4CF5-AF26-70622432B5F5}.Release|x86.Build.0 = Release|Any CPU
		{0B3BE550-50BD-4D0F-BD13-70EEDF4B1A54}.Debug|Any CPU.ActiveCfg = Debug|Any CPU
		{0B3BE550-50BD-4D0F-BD13-70EEDF4B1A54}.Debug|Any CPU.Build.0 = Debug|Any CPU
		{0B3BE550-50BD-4D0F-BD13-70EEDF4B1A54}.Debug|x64.ActiveCfg = Debug|Any CPU
		{0B3BE550-50BD-4D0F-BD13-70EEDF4B1A54}.Debug|x64.Build.0 = Debug|Any CPU
		{0B3BE550-50BD-4D0F-BD13-70EEDF4B1A54}.Debug|x86.ActiveCfg = Debug|Any CPU
		{0B3BE550-50BD-4D0F-BD13-70EEDF4B1A54}.Debug|x86.Build.0 = Debug|Any CPU
		{0B3BE550-50BD-4D0F-BD13-70EEDF4B1A54}.Release|Any CPU.ActiveCfg = Release|Any CPU
		{0B3BE550-50BD-4D0F-BD13-70EEDF4B1A54}.Release|Any CPU.Build.0 = Release|Any CPU
		{0B3BE550-50BD-4D0F-BD13-70EEDF4B1A54}.Release|x64.ActiveCfg = Release|Any CPU
		{0B3BE550-50BD-4D0F-BD13-70EEDF4B1A54}.Release|x64.Build.0 = Release|Any CPU
		{0B3BE550-50BD-4D0F-BD13-70EEDF4B1A54}.Release|x86.ActiveCfg = Release|Any CPU
		{0B3BE550-50BD-4D0F-BD13-70EEDF4B1A54}.Release|x86.Build.0 = Release|Any CPU
	EndGlobalSection
	GlobalSection(SolutionProperties) = preSolution
		HideSolutionNode = FALSE
	EndGlobalSection
	GlobalSection(NestedProjects) = preSolution
		{A1372565-15B4-4E9B-B01E-55E84AABA342} = {827E0CD3-B72D-47B6-A68D-7590B98EB39B}
		{8F878E57-7909-482B-8777-C0E3A969C979} = {827E0CD3-B72D-47B6-A68D-7590B98EB39B}
		{FB85B540-D314-4CF5-AF26-70622432B5F5} = {0AB3BF05-4346-4AA6-1389-037BE0695223}
		{0B3BE550-50BD-4D0F-BD13-70EEDF4B1A54} = {0AB3BF05-4346-4AA6-1389-037BE0695223}
	EndGlobalSection
EndGlobal
